PODS:
  - DBDebugToolkit (0.5.1)
  - Expecta (1.0.6)
  - Specta (1.0.7)

DEPENDENCIES:
  - DBDebugToolkit (from `../`)
  - Expecta
  - Specta

SPEC REPOS:
  https://github.com/cocoapods/specs.git:
    - Expecta
    - Specta

EXTERNAL SOURCES:
  DBDebugToolkit:
    :path: "../"

SPEC CHECKSUMS:
  DBDebugToolkit: c6c257980f053d504924dac999945272451d7aab
  Expecta: 3b6bd90a64b9a1dcb0b70aa0e10a7f8f631667d5
  Specta: 3e1bd89c3517421982dc4d1c992503e48bd5fe66

PODFILE CHECKSUM: 77767a179ee89a5e5c81345791ab10b3079f89ac

COCOAPODS: 1.5.3
